
Microsoft Visual Studio Solution File, Format Version 12.00
# Visual Studio Version 17
VisualStudioVersion = 17.4.33103.184
MinimumVisualStudioVersion = 10.0.40219.1
Project("{FAE04EC0-301F-11D3-BF4B-00C04F79EFBC}") = "VS_seeSharp", "VS_seeSharp\VS_seeSharp.csproj", "{5D9648A5-DC93-40D0-803A-C4032ED2887B}"
EndProject
Global
	GlobalSection(SolutionConfigurationPlatforms) = preSolution
		Debug|Any CPU = Debug|Any CPU
		Release|Any CPU = Release|Any CPU
	EndGlobalSection
	GlobalSection(ProjectConfigurationPlatforms) = postSolution
		{5D9648A5-DC93-40D0-803A-C4032ED2887B}.Debug|Any CPU.ActiveCfg = Debug|Any CPU
		{5D9648A5-DC93-40D0-803A-C4032ED2887B}.Debug|Any CPU.Build.0 = Debug|Any CPU
		{5D9648A5-DC93-40D0-803A-C4032ED2887B}.Release|Any CPU.ActiveCfg = Release|Any CPU
		{5D9648A5-DC93-40D0-803A-C4032ED2887B}.Release|Any CPU.Build.0 = Release|Any CPU
	EndGlobalSection
	GlobalSection(SolutionProperties) = preSolution
		HideSolutionNode = FALSE
	EndGlobalSection
	GlobalSection(ExtensibilityGlobals) = postSolution
		SolutionGuid = {DF9221CD-4BE9-46B0-ADDF-3478616A1239}
	EndGlobalSection
EndGlobal
